github.com/go-playground/assert/v2 v2.0.1/go.mod h1:VDjEfimB/XKnb+ZQfWdccd7VUvScMdVu0Titje2rxJ4=
github.com/go-playground/assert/v2 v2.2.0 h1:JvknZsQTYeFEAhQwI4qEt9cyV5ONwRHC+lYKSsYSR8s=
github.com/go-playground/assert/v2 v2.2.0/go.mod h1:VDjEfimB/XKnb+ZQfWdccd7VUvScMdVu0Titje2rxJ4=
github.com/go-playground/errors/v5 v5.4.0 h1:BxBxwlRjuclYbRebE4ddrRrMK705lS2mHzHw7BDoDPA=
github.com/go-playground/errors/v5 v5.4.0/go.mod h1:6aVeVHsT36RNu/m/8AvGdPv8T2J/+KfVv6Su4VvBfpQ=
github.com/go-playground/form/v4 v4.2.1 h1:HjdRDKO0fftVMU5epjPW2SOREcZ6/wLUzEobqUGJuPw=
github.com/go-playground/form/v4 v4.2.1/go.mod h1:q1a2BY+AQUUzhl6xA/6hBetay6dEIhMHjgvJiGo6K7U=
